{
  "nodes": {
    "agenix": {
      "inputs": {
        "darwin": [
          "nixpkgs-darwin"
        ],
        "home-manager": "home-manager",
        "nixpkgs": [
          "nixpkgs"
        ],
        "systems": "systems"
      },
      "locked": {
        "lastModified": 1716561646,
        "narHash": "sha256-UIGtLO89RxKt7RF2iEgPikSdU53r6v/6WYB0RW3k89I=",
        "owner": "ryantm",
        "repo": "agenix",
        "rev": "c2fc0762bbe8feb06a2e59a364fa81b3a57671c9",
        "type": "github"
      },
      "original": {
        "owner": "ryantm",
        "ref": "main",
        "repo": "agenix",
        "type": "github"
      }
    },
    "cacti-dev": {
      "inputs": {
        "flake-utils": [
          "flake-utils"
        ],
        "nixpkgs": [
          "nixpkgs"
        ]
      },
      "locked": {
        "lastModified": 1642269609,
        "narHash": "sha256-lKU8XgLORV/9ENhYqEVfpi1Re6GublFjpDm9pBZdon8=",
        "owner": "nerosnm",
        "repo": "cacti.dev",
        "rev": "8be09e406ac84bc3647f16caf7e456f336238696",
        "type": "github"
      },
      "original": {
        "owner": "nerosnm",
        "ref": "main",
        "repo": "cacti.dev",
        "type": "github"
      }
    },
    "cargo2nix": {
      "inputs": {
        "flake-compat": "flake-compat",
        "flake-utils": [
          "flake-utils"
        ],
        "nixpkgs": [
          "nixpkgs"
        ],
        "rust-overlay": "rust-overlay"
      },
      "locked": {
        "lastModified": 1705129117,
        "narHash": "sha256-LgdDHibvimzYhxBK3kxCk2gAL7k4Hyigl5KI0X9cijA=",
        "owner": "cargo2nix",
        "repo": "cargo2nix",
        "rev": "ae19a9e1f8f0880c088ea155ab66cee1fa001f59",
        "type": "github"
      },
      "original": {
        "owner": "cargo2nix",
        "repo": "cargo2nix",
        "type": "github"
      }
    },
    "deploy-rs": {
      "inputs": {
        "flake-compat": "flake-compat_2",
        "nixpkgs": [
          "nixpkgs"
        ],
        "utils": [
          "flake-utils"
        ]
      },
      "locked": {
        "lastModified": 1715699772,
        "narHash": "sha256-sKhqIgucN5sI/7UQgBwsonzR4fONjfMr9OcHK/vPits=",
        "owner": "serokell",
        "repo": "deploy-rs",
        "rev": "b3ea6f333f9057b77efd9091119ba67089399ced",
        "type": "github"
      },
      "original": {
        "owner": "serokell",
        "ref": "master",
        "repo": "deploy-rs",
        "type": "github"
      }
    },
    "fenix": {
      "inputs": {
        "nixpkgs": [
          "nixpkgs"
        ],
        "rust-analyzer-src": "rust-analyzer-src"
      },
      "locked": {
        "lastModified": 1717136818,
        "narHash": "sha256-BKFOT/eg0mCf99oTKa63yW+d5Y3K6c5Gb+NetxacaHg=",
        "owner": "nix-community",
        "repo": "fenix",
        "rev": "14c3b99d4b7cb91343807eac77f005ed9218f742",
        "type": "github"
      },
      "original": {
        "owner": "nix-community",
        "repo": "fenix",
        "type": "github"
      }
    },
    "flake-compat": {
      "flake": false,
      "locked": {
        "lastModified": 1696426674,
        "narHash": "sha256-kvjfFW7WAETZlt09AgDn1MrtKzP7t90Vf7vypd3OL1U=",
        "owner": "edolstra",
        "repo": "flake-compat",
        "rev": "0f9255e01c2351cc7d116c072cb317785dd33b33",
        "type": "github"
      },
      "original": {
        "owner": "edolstra",
        "repo": "flake-compat",
        "type": "github"
      }
    },
    "flake-compat_2": {
      "flake": false,
      "locked": {
        "lastModified": 1696426674,
        "narHash": "sha256-kvjfFW7WAETZlt09AgDn1MrtKzP7t90Vf7vypd3OL1U=",
        "owner": "edolstra",
        "repo": "flake-compat",
        "rev": "0f9255e01c2351cc7d116c072cb317785dd33b33",
        "type": "github"
      },
      "original": {
        "owner": "edolstra",
        "repo": "flake-compat",
        "type": "github"
      }
    },
    "flake-utils": {
      "inputs": {
        "systems": "systems_2"
      },
      "locked": {
        "lastModified": 1710146030,
        "narHash": "sha256-SZ5L6eA7HJ/nmkzGG7/ISclqe6oZdOZTNoesiInkXPQ=",
        "owner": "numtide",
        "repo": "flake-utils",
        "rev": "b1d9ab70662946ef0850d488da1c9019f3a9752a",
        "type": "github"
      },
      "original": {
        "owner": "numtide",
        "ref": "main",
        "repo": "flake-utils",
        "type": "github"
      }
    },
    "hatysa": {
      "inputs": {
        "cargo2nix": [
          "cargo2nix"
        ],
        "fenix": [
          "fenix"
        ],
        "flake-utils": [
          "flake-utils"
        ],
        "nixpkgs": [
          "nixpkgs"
        ]
      },
      "locked": {
        "lastModified": 1683554766,
        "narHash": "sha256-OonDJ7CIJBjUZvxjo4OvtvrfrOQ8UXY+ESMhQNKqD3I=",
        "owner": "nerosnm",
        "repo": "hatysa",
        "rev": "9c13d0c305c96f8e96009d19995a7536cdbb0091",
        "type": "github"
      },
      "original": {
        "owner": "nerosnm",
        "ref": "master",
        "repo": "hatysa",
        "type": "github"
      }
    },
    "home-manager": {
      "inputs": {
        "nixpkgs": [
          "agenix",
          "nixpkgs"
        ]
      },
      "locked": {
        "lastModified": 1703113217,
        "narHash": "sha256-7ulcXOk63TIT2lVDSExj7XzFx09LpdSAPtvgtM7yQPE=",
        "owner": "nix-community",
        "repo": "home-manager",
        "rev": "3bfaacf46133c037bb356193bd2f1765d9dc82c1",
        "type": "github"
      },
      "original": {
        "owner": "nix-community",
        "repo": "home-manager",
        "type": "github"
      }
    },
    "home-manager_2": {
      "inputs": {
        "nixpkgs": [
          "nixpkgs"
        ]
      },
      "locked": {
        "lastModified": 1716729592,
        "narHash": "sha256-Y3bOjoh2cFBqZN0Jw1zUdyr7tjygyxl2bD/QY73GZP0=",
        "owner": "nix-community",
        "repo": "home-manager",
        "rev": "2c78a57c544dd19b07442350727ced097e1aa6e6",
        "type": "github"
      },
      "original": {
        "owner": "nix-community",
        "ref": "release-23.11",
        "repo": "home-manager",
        "type": "github"
      }
    },
    "jj": {
      "inputs": {
        "flake-utils": [
          "flake-utils"
        ],
        "nixpkgs": [
          "nixpkgs"
        ],
        "rust-overlay": "rust-overlay_2"
      },
      "locked": {
        "lastModified": 1713348073,
        "narHash": "sha256-jNb3ox5UJEfb7aijJh2V07GFSmBCzI/Y+AoJNzzrrOM=",
        "owner": "bnjmnt4n",
        "repo": "jj",
        "rev": "b5fdcda7064ab3af92859283bc7809d446913cba",
        "type": "github"
      },
      "original": {
        "owner": "bnjmnt4n",
        "ref": "ssh-openssh",
        "repo": "jj",
        "type": "github"
      }
    },
    "neros-dev": {
      "inputs": {
        "cargo2nix": [
          "cargo2nix"
        ],
        "fenix": [
          "fenix"
        ],
        "flake-utils": [
          "flake-utils"
        ],
        "nixpkgs": [
          "nixpkgs"
        ]
      },
      "locked": {
        "lastModified": 1684061717,
        "narHash": "sha256-mF5yXEvS8Lj4zelUfyw5TbS6aFSTX7CvbU0vqmRdjQA=",
        "ref": "new-observability",
        "rev": "3d831de2de815482ed153cf25a1d21bea0b0665f",
        "revCount": 77,
        "type": "git",
        "url": "ssh://git@github.neros.dev/nerosnm/neros.dev.git"
      },
      "original": {
        "ref": "new-observability",
        "type": "git",
        "url": "ssh://git@github.neros.dev/nerosnm/neros.dev.git"
      }
    },
    "nix-darwin": {
      "inputs": {
        "nixpkgs": [
          "nixpkgs-darwin"
        ]
      },
      "locked": {
        "lastModified": 1716993688,
        "narHash": "sha256-vo5k2wQekfeoq/2aleQkBN41dQiQHNTniZeVONWiWLs=",
        "owner": "LnL7",
        "repo": "nix-darwin",
        "rev": "c0d5b8c54d6828516c97f6be9f2d00c63a363df4",
        "type": "github"
      },
      "original": {
        "owner": "LnL7",
        "ref": "master",
        "repo": "nix-darwin",
        "type": "github"
      }
    },
    "nixpkgs": {
      "locked": {
        "lastModified": 1716991068,
        "narHash": "sha256-Av0UWCCiIGJxsZ6TFc+OiKCJNqwoxMNVYDBChmhjNpo=",
        "owner": "nixos",
        "repo": "nixpkgs",
        "rev": "25cf937a30bf0801447f6bf544fc7486c6309234",
        "type": "github"
      },
      "original": {
        "owner": "nixos",
        "ref": "nixos-23.11",
        "repo": "nixpkgs",
        "type": "github"
      }
    },
    "nixpkgs-darwin": {
      "locked": {
        "lastModified": 1717090151,
        "narHash": "sha256-4UWCIWB01xCZE5EsnZz1d7fJjRw5VVORu8jBM0+rrvY=",
        "owner": "NixOS",
        "repo": "nixpkgs",
        "rev": "f05f3698b80b619ebf367190ddf2ccb47c851d7c",
        "type": "github"
      },
      "original": {
        "owner": "NixOS",
        "ref": "nixpkgs-23.11-darwin",
        "repo": "nixpkgs",
        "type": "github"
      }
    },
    "nixpkgs-iosevka-fix": {
      "locked": {
        "lastModified": 1714979341,
        "narHash": "sha256-2f8iewpHvTsWedOcWhF4SEAm2c05g9mq4DnBKmtPLXw=",
        "owner": "NixOS",
        "repo": "nixpkgs",
        "rev": "f91786cab8fcd1018dd7f26c83b1f1260899fb90",
        "type": "github"
      },
      "original": {
        "owner": "NixOS",
        "ref": "refs/pull/262124/head",
        "repo": "nixpkgs",
        "type": "github"
      }
    },
    "nixpkgs-master": {
      "locked": {
        "lastModified": 1717172628,
        "narHash": "sha256-4hOdCCCaD0AYx/DZS68zjW32Fu1jeGxGrR4ZuwTnWFU=",
        "owner": "nixos",
        "repo": "nixpkgs",
        "rev": "7c97b28c7d95689e2da774cd75eac60f7d790d23",
        "type": "github"
      },
      "original": {
        "owner": "nixos",
        "ref": "master",
        "repo": "nixpkgs",
        "type": "github"
      }
    },
    "nixpkgs-unstable": {
      "locked": {
        "lastModified": 1717112898,
        "narHash": "sha256-7R2ZvOnvd9h8fDd65p0JnB7wXfUvreox3xFdYWd1BnY=",
        "owner": "nixos",
        "repo": "nixpkgs",
        "rev": "6132b0f6e344ce2fe34fc051b72fb46e34f668e0",
        "type": "github"
      },
      "original": {
        "owner": "nixos",
        "ref": "nixpkgs-unstable",
        "repo": "nixpkgs",
        "type": "github"
      }
    },
    "oxbow": {
      "inputs": {
        "cargo2nix": [
          "cargo2nix"
        ],
        "fenix": [
          "fenix"
        ],
        "flake-utils": [
          "flake-utils"
        ],
        "nixpkgs": [
          "nixpkgs"
        ]
      },
      "locked": {
        "lastModified": 1683564588,
        "narHash": "sha256-jm4rnq0hbRPkWWK1luXmPpuVe1wBIlKQWf8I/NIET2k=",
        "owner": "nerosnm",
        "repo": "oxbow",
        "rev": "fb652328aa210783e4df6c911b05888e0919e793",
        "type": "github"
      },
      "original": {
        "owner": "nerosnm",
        "ref": "main",
        "repo": "oxbow",
        "type": "github"
      }
    },
    "pomocop": {
      "inputs": {
        "cargo2nix": [
          "cargo2nix"
        ],
        "fenix": [
          "fenix"
        ],
        "flake-utils": [
          "flake-utils"
        ],
        "nixpkgs": [
          "nixpkgs"
        ]
      },
      "locked": {
        "lastModified": 1683554385,
        "narHash": "sha256-qAmjfXpROW/L5pFNt7YwL25o4JyAsukanfJ0xqJQJIw=",
        "owner": "nerosnm",
        "repo": "pomocop",
        "rev": "75aeb891cff025b10b1c1be35c6070490f0f2af5",
        "type": "github"
      },
      "original": {
        "owner": "nerosnm",
        "ref": "main",
        "repo": "pomocop",
        "type": "github"
      }
    },
    "root": {
      "inputs": {
        "agenix": "agenix",
        "cacti-dev": "cacti-dev",
        "cargo2nix": "cargo2nix",
        "deploy-rs": "deploy-rs",
        "fenix": "fenix",
        "flake-utils": "flake-utils",
        "hatysa": "hatysa",
        "home-manager": "home-manager_2",
        "jj": "jj",
        "neros-dev": "neros-dev",
        "nix-darwin": "nix-darwin",
        "nixpkgs": "nixpkgs",
        "nixpkgs-darwin": "nixpkgs-darwin",
        "nixpkgs-iosevka-fix": "nixpkgs-iosevka-fix",
        "nixpkgs-master": "nixpkgs-master",
        "nixpkgs-unstable": "nixpkgs-unstable",
        "oxbow": "oxbow",
        "pomocop": "pomocop"
      }
    },
    "rust-analyzer-src": {
      "flake": false,
      "locked": {
        "lastModified": 1716828004,
        "narHash": "sha256-mUZtVS2S+leFcMpBgbqkMnZm4II1qBM21pW8UnivVSo=",
        "owner": "rust-lang",
        "repo": "rust-analyzer",
        "rev": "b32f181f477576bb203879f7539608f3327b6178",
        "type": "github"
      },
      "original": {
        "owner": "rust-lang",
        "ref": "nightly",
        "repo": "rust-analyzer",
        "type": "github"
      }
    },
    "rust-overlay": {
      "inputs": {
        "flake-utils": [
          "cargo2nix",
          "flake-utils"
        ],
        "nixpkgs": [
          "cargo2nix",
          "nixpkgs"
        ]
      },
      "locked": {
        "lastModified": 1705112162,
        "narHash": "sha256-IAM0+Uijh/fwlfoeDrOwau9MxcZW3zeDoUHc6Z3xfqM=",
        "owner": "oxalica",
        "repo": "rust-overlay",
        "rev": "9e0af26ffe52bf955ad5575888f093e41fba0104",
        "type": "github"
      },
      "original": {
        "owner": "oxalica",
        "repo": "rust-overlay",
        "type": "github"
      }
    },
    "rust-overlay_2": {
      "inputs": {
        "flake-utils": [
          "jj",
          "flake-utils"
        ],
        "nixpkgs": [
          "jj",
          "nixpkgs"
        ]
      },
      "locked": {
        "lastModified": 1714961776,
        "narHash": "sha256-LiIxWRKbm1DZ+7l1a6FMmIO8leQx5yrRLIApCMai1DY=",
        "owner": "oxalica",
        "repo": "rust-overlay",
        "rev": "f3b20ea4131408ea585bddb1f41f91c4de9499cf",
        "type": "github"
      },
      "original": {
        "owner": "oxalica",
        "repo": "rust-overlay",
        "type": "github"
      }
    },
    "systems": {
      "locked": {
        "lastModified": 1681028828,
        "narHash": "sha256-Vy1rq5AaRuLzOxct8nz4T6wlgyUR7zLU309k9mBC768=",
        "owner": "nix-systems",
        "repo": "default",
        "rev": "da67096a3b9bf56a91d16901293e51ba5b49a27e",
        "type": "github"
      },
      "original": {
        "owner": "nix-systems",
        "repo": "default",
        "type": "github"
      }
    },
    "systems_2": {
      "locked": {
        "lastModified": 1681028828,
        "narHash": "sha256-Vy1rq5AaRuLzOxct8nz4T6wlgyUR7zLU309k9mBC768=",
        "owner": "nix-systems",
        "repo": "default",
        "rev": "da67096a3b9bf56a91d16901293e51ba5b49a27e",
        "type": "github"
      },
      "original": {
        "owner": "nix-systems",
        "repo": "default",
        "type": "github"
      }
    }
  },
  "root": "root",
  "version": 7
}
